# THIS IS AN AUTOGENERATED FILE. DO NOT EDIT THIS FILE DIRECTLY.
# yarn lockfile v1


pyright@^1.1.274:
  version "1.1.274"
  resolved "https://registry.yarnpkg.com/pyright/-/pyright-1.1.274.tgz#19cab8a1fd7b9da33bb6981b853df26d2a4ca6d5"
  integrity sha512-+MEiHktoAxlehWbBAF2vwJkJxV5tObbLK6vnc7u+iDBH06vuHqTqY33AV+YGNwfDEU35chw5zu7H3EpGROXsGQ==
